
Microsoft Visual Studio Solution File, Format Version 12.00
# Visual Studio 15
VisualStudioVersion = 15.0.26430.14
MinimumVisualStudioVersion = 10.0.40219.1
Project("{FAE04EC0-301F-11D3-BF4B-00C04F79EFBC}") = "TrainingPlan", "TrainingPlan\TrainingPlan.csproj", "{FD33444D-8066-45CD-BBAD-145273B271E1}"
EndProject
Project("{FAE04EC0-301F-11D3-BF4B-00C04F79EFBC}") = "TrainingPlan.BusinessModel", "TrainingPlan.BusinessModel\TrainingPlan.BusinessModel.csproj", "{64DF3C44-B09B-4D35-AE17-42C38AF9796C}"
EndProject
Global
	GlobalSection(SolutionConfigurationPlatforms) = preSolution
		Debug|Any CPU = Debug|Any CPU
		Release|Any CPU = Release|Any CPU
	EndGlobalSection
	GlobalSection(ProjectConfigurationPlatforms) = postSolution
		{FD33444D-8066-45CD-BBAD-145273B271E1}.Debug|Any CPU.ActiveCfg = Debug|Any CPU
		{FD33444D-8066-45CD-BBAD-145273B271E1}.Debug|Any CPU.Build.0 = Debug|Any CPU
		{FD33444D-8066-45CD-BBAD-145273B271E1}.Release|Any CPU.ActiveCfg = Release|Any CPU
		{FD33444D-8066-45CD-BBAD-145273B271E1}.Release|Any CPU.Build.0 = Release|Any CPU
		{64DF3C44-B09B-4D35-AE17-42C38AF9796C}.Debug|Any CPU.ActiveCfg = Debug|Any CPU
		{64DF3C44-B09B-4D35-AE17-42C38AF9796C}.Debug|Any CPU.Build.0 = Debug|Any CPU
		{64DF3C44-B09B-4D35-AE17-42C38AF9796C}.Release|Any CPU.ActiveCfg = Release|Any CPU
		{64DF3C44-B09B-4D35-AE17-42C38AF9796C}.Release|Any CPU.Build.0 = Release|Any CPU
	EndGlobalSection
	GlobalSection(SolutionProperties) = preSolution
		HideSolutionNode = FALSE
	EndGlobalSection
EndGlobal
